// !$*UTF8*$!
{
	archiveVersion = 1;
	classes = {
	};
	objectVersion = 50;
	objects = {

/* Begin PBXBuildFile section */
		ECC9F13B2651CA960048B936 /* RecipeListApp.swift in Sources */ = {isa = PBXBuildFile; fileRef = ECC9F13A2651CA960048B936 /* RecipeListApp.swift */; };
		ECC9F13D2651CA960048B936 /* RecipeListView.swift in Sources */ = {isa = PBXBuildFile; fileRef = ECC9F13C2651CA960048B936 /* RecipeListView.swift */; };
		ECC9F13F2651CA980048B936 /* Assets.xcassets in Resources */ = {isa = PBXBuildFile; fileRef = ECC9F13E2651CA980048B936 /* Assets.xcassets */; };
		ECC9F1422651CA980048B936 /* Preview Assets.xcassets in Resources */ = {isa = PBXBuildFile; fileRef = ECC9F1412651CA980048B936 /* Preview Assets.xcassets */; };
		ECC9F14F2651CCDC0048B936 /* recipes.json in Resources */ = {isa = PBXBuildFile; fileRef = ECC9F14E2651CCDC0048B936 /* recipes.json */; };
		ECC9F1512651CE130048B936 /* Recipe.swift in Sources */ = {isa = PBXBuildFile; fileRef = ECC9F1502651CE130048B936 /* Recipe.swift */; };
		ECC9F1532651D0320048B936 /* RecipeModel.swift in Sources */ = {isa = PBXBuildFile; fileRef = ECC9F1522651D0320048B936 /* RecipeModel.swift */; };
		ECC9F1552651D5650048B936 /* DataService.swift in Sources */ = {isa = PBXBuildFile; fileRef = ECC9F1542651D5650048B936 /* DataService.swift */; };
		ECC9F1722651E4670048B936 /* RecipeDetailView.swift in Sources */ = {isa = PBXBuildFile; fileRef = ECC9F1712651E4670048B936 /* RecipeDetailView.swift */; };
		ECC9F1912659D2860048B936 /* RecipeTabView.swift in Sources */ = {isa = PBXBuildFile; fileRef = ECC9F1902659D2860048B936 /* RecipeTabView.swift */; };
/* End PBXBuildFile section */

/* Begin PBXFileReference section */
		ECC9F1372651CA960048B936 /* RecipeListApp.app */ = {isa = PBXFileReference; explicitFileType = wrapper.application; includeInIndex = 0; path = RecipeListApp.app; sourceTree = BUILT_PRODUCTS_DIR; };
		ECC9F13A2651CA960048B936 /* RecipeListApp.swift */ = {isa = PBXFileReference; lastKnownFileType = sourcecode.swift; path = RecipeListApp.swift; sourceTree = "<group>"; };
		ECC9F13C2651CA960048B936 /* RecipeListView.swift */ = {isa = PBXFileReference; lastKnownFileType = sourcecode.swift; path = RecipeListView.swift; sourceTree = "<group>"; };
		ECC9F13E2651CA980048B936 /* Assets.xcassets */ = {isa = PBXFileReference; lastKnownFileType = folder.assetcatalog; path = Assets.xcassets; sourceTree = "<group>"; };
		ECC9F1412651CA980048B936 /* Preview Assets.xcassets */ = {isa = PBXFileReference; lastKnownFileType = folder.assetcatalog; path = "Preview Assets.xcassets"; sourceTree = "<group>"; };
		ECC9F1432651CA980048B936 /* Info.plist */ = {isa = PBXFileReference; lastKnownFileType = text.plist.xml; path = Info.plist; sourceTree = "<group>"; };
		ECC9F14E2651CCDC0048B936 /* recipes.json */ = {isa = PBXFileReference; fileEncoding = 4; lastKnownFileType = text.json; path = recipes.json; sourceTree = "<group>"; };
		ECC9F1502651CE130048B936 /* Recipe.swift */ = {isa = PBXFileReference; lastKnownFileType = sourcecode.swift; path = Recipe.swift; sourceTree = "<group>"; };
		ECC9F1522651D0320048B936 /* RecipeModel.swift */ = {isa = PBXFileReference; lastKnownFileType = sourcecode.swift; path = RecipeModel.swift; sourceTree = "<group>"; };
		ECC9F1542651D5650048B936 /* DataService.swift */ = {isa = PBXFileReference; lastKnownFileType = sourcecode.swift; path = DataService.swift; sourceTree = "<group>"; };
		ECC9F1712651E4670048B936 /* RecipeDetailView.swift */ = {isa = PBXFileReference; lastKnownFileType = sourcecode.swift; path = RecipeDetailView.swift; sourceTree = "<group>"; };
		ECC9F1902659D2860048B936 /* RecipeTabView.swift */ = {isa = PBXFileReference; lastKnownFileType = sourcecode.swift; path = RecipeTabView.swift; sourceTree = "<group>"; };
/* End PBXFileReference section */

/* Begin PBXFrameworksBuildPhase section */
		ECC9F1342651CA960048B936 /* Frameworks */ = {
			isa = PBXFrameworksBuildPhase;
			buildActionMask = 2147483647;
			files = (
			);
			runOnlyForDeploymentPostprocessing = 0;
		};
/* End PBXFrameworksBuildPhase section */

/* Begin PBXGroup section */
		ECC9F12E2651CA960048B936 = {
			isa = PBXGroup;
			children = (
				ECC9F1392651CA960048B936 /* RecipeListApp */,
				ECC9F1382651CA960048B936 /* Products */,
			);
			sourceTree = "<group>";
		};
		ECC9F1382651CA960048B936 /* Products */ = {
			isa = PBXGroup;
			children = (
				ECC9F1372651CA960048B936 /* RecipeListApp.app */,
			);
			name = Products;
			sourceTree = "<group>";
		};
		ECC9F1392651CA960048B936 /* RecipeListApp */ = {
			isa = PBXGroup;
			children = (
				ECC9F13A2651CA960048B936 /* RecipeListApp.swift */,
				ECC9F1492651CAEA0048B936 /* Views */,
				ECC9F14B2651CAF50048B936 /* ViewModels */,
				ECC9F14A2651CAEF0048B936 /* Models */,
				ECC9F14D2651CB0B0048B936 /* Services */,
				ECC9F14C2651CAFD0048B936 /* Data */,
				ECC9F13E2651CA980048B936 /* Assets.xcassets */,
				ECC9F1432651CA980048B936 /* Info.plist */,
				ECC9F1402651CA980048B936 /* Preview Content */,
			);
			path = RecipeListApp;
			sourceTree = "<group>";
		};
		ECC9F1402651CA980048B936 /* Preview Content */ = {
			isa = PBXGroup;
			children = (
				ECC9F1412651CA980048B936 /* Preview Assets.xcassets */,
			);
			path = "Preview Content";
			sourceTree = "<group>";
		};
		ECC9F1492651CAEA0048B936 /* Views */ = {
			isa = PBXGroup;
			children = (
				ECC9F1902659D2860048B936 /* RecipeTabView.swift */,
				ECC9F13C2651CA960048B936 /* RecipeListView.swift */,
				ECC9F1712651E4670048B936 /* RecipeDetailView.swift */,
			);
			path = Views;
			sourceTree = "<group>";
		};
		ECC9F14A2651CAEF0048B936 /* Models */ = {
			isa = PBXGroup;
			children = (
				ECC9F1502651CE130048B936 /* Recipe.swift */,
			);
			path = Models;
			sourceTree = "<group>";
		};
		ECC9F14B2651CAF50048B936 /* ViewModels */ = {
			isa = PBXGroup;
			children = (
				ECC9F1522651D0320048B936 /* RecipeModel.swift */,
			);
			path = ViewModels;
			sourceTree = "<group>";
		};
		ECC9F14C2651CAFD0048B936 /* Data */ = {
			isa = PBXGroup;
			children = (
				ECC9F14E2651CCDC0048B936 /* recipes.json */,
			);
			path = Data;
			sourceTree = "<group>";
		};
		ECC9F14D2651CB0B0048B936 /* Services */ = {
			isa = PBXGroup;
			children = (
				ECC9F1542651D5650048B936 /* DataService.swift */,
			);
			path = Services;
			sourceTree = "<group>";
		};
/* End PBXGroup section */

/* Begin PBXNativeTarget section */
		ECC9F1362651CA960048B936 /* RecipeListApp */ = {
			isa = PBXNativeTarget;
			buildConfigurationList = ECC9F1462651CA980048B936 /* Build configuration list for PBXNativeTarget "RecipeListApp" */;
			buildPhases = (
				ECC9F1332651CA960048B936 /* Sources */,
				ECC9F1342651CA960048B936 /* Frameworks */,
				ECC9F1352651CA960048B936 /* Resources */,
			);
			buildRules = (
			);
			dependencies = (
			);
			name = RecipeListApp;
			productName = RecipeListApp;
			productReference = ECC9F1372651CA960048B936 /* RecipeListApp.app */;
			productType = "com.apple.product-type.application";
		};
/* End PBXNativeTarget section */

/* Begin PBXProject section */
		ECC9F12F2651CA960048B936 /* Project object */ = {
			isa = PBXProject;
			attributes = {
				LastSwiftUpdateCheck = 1250;
				LastUpgradeCheck = 1250;
				TargetAttributes = {
					ECC9F1362651CA960048B936 = {
						CreatedOnToolsVersion = 12.5;
					};
				};
			};
			buildConfigurationList = ECC9F1322651CA960048B936 /* Build configuration list for PBXProject "RecipeListApp" */;
			compatibilityVersion = "Xcode 9.3";
			developmentRegion = en;
			hasScannedForEncodings = 0;
			knownRegions = (
				en,
				Base,
			);
			mainGroup = ECC9F12E2651CA960048B936;
			productRefGroup = ECC9F1382651CA960048B936 /* Products */;
			projectDirPath = "";
			projectRoot = "";
			targets = (
				ECC9F1362651CA960048B936 /* RecipeListApp */,
			);
		};
/* End PBXProject section */

/* Begin PBXResourcesBuildPhase section */
		ECC9F1352651CA960048B936 /* Resources */ = {
			isa = PBXResourcesBuildPhase;
			buildActionMask = 2147483647;
			files = (
				ECC9F1422651CA980048B936 /* Preview Assets.xcassets in Resources */,
				ECC9F14F2651CCDC0048B936 /* recipes.json in Resources */,
				ECC9F13F2651CA980048B936 /* Assets.xcassets in Resources */,
			);
			runOnlyForDeploymentPostprocessing = 0;
		};
/* End PBXResourcesBuildPhase section */

/* Begin PBXSourcesBuildPhase section */
		ECC9F1332651CA960048B936 /* Sources */ = {
			isa = PBXSourcesBuildPhase;
			buildActionMask = 2147483647;
			files = (
				ECC9F1512651CE130048B936 /* Recipe.swift in Sources */,
				ECC9F1722651E4670048B936 /* RecipeDetailView.swift in Sources */,
				ECC9F1532651D0320048B936 /* RecipeModel.swift in Sources */,
				ECC9F13D2651CA960048B936 /* RecipeListView.swift in Sources */,
				ECC9F13B2651CA960048B936 /* RecipeListApp.swift in Sources */,
				ECC9F1552651D5650048B936 /* DataService.swift in Sources */,
				ECC9F1912659D2860048B936 /* RecipeTabView.swift in Sources */,
			);
			runOnlyForDeploymentPostprocessing = 0;
		};
/* End PBXSourcesBuildPhase section */

/* Begin XCBuildConfiguration section */
		ECC9F1442651CA980048B936 /* Debug */ = {
			isa = XCBuildConfiguration;
			buildSettings = {
				ALWAYS_SEARCH_USER_PATHS = NO;
				CLANG_ANALYZER_NONNULL = YES;
				CLANG_ANALYZER_NUMBER_OBJECT_CONVERSION = YES_AGGRESSIVE;
				CLANG_CXX_LANGUAGE_STANDARD = "gnu++14";
				CLANG_CXX_LIBRARY = "libc++";
				CLANG_ENABLE_MODULES = YES;
				CLANG_ENABLE_OBJC_ARC = YES;
				CLANG_ENABLE_OBJC_WEAK = YES;
				CLANG_WARN_BLOCK_CAPTURE_AUTORELEASING = YES;
				CLANG_WARN_BOOL_CONVERSION = YES;
				CLANG_WARN_COMMA = YES;
				CLANG_WARN_CONSTANT_CONVERSION = YES;
				CLANG_WARN_DEPRECATED_OBJC_IMPLEMENTATIONS = YES;
				CLANG_WARN_DIRECT_OBJC_ISA_USAGE = YES_ERROR;
				CLANG_WARN_DOCUMENTATION_COMMENTS = YES;
				CLANG_WARN_EMPTY_BODY = YES;
				CLANG_WARN_ENUM_CONVERSION = YES;
				CLANG_WARN_INFINITE_RECURSION = YES;
				CLANG_WARN_INT_CONVERSION = YES;
				CLANG_WARN_NON_LITERAL_NULL_CONVERSION = YES;
				CLANG_WARN_OBJC_IMPLICIT_RETAIN_SELF = YES;
				CLANG_WARN_OBJC_LITERAL_CONVERSION = YES;
				CLANG_WARN_OBJC_ROOT_CLASS = YES_ERROR;
				CLANG_WARN_QUOTED_INCLUDE_IN_FRAMEWORK_HEADER = YES;
				CLANG_WARN_RANGE_LOOP_ANALYSIS = YES;
				CLANG_WARN_STRICT_PROTOTYPES = YES;
				CLANG_WARN_SUSPICIOUS_MOVE = YES;
				CLANG_WARN_UNGUARDED_AVAILABILITY = YES_AGGRESSIVE;
				CLANG_WARN_UNREACHABLE_CODE = YES;
				CLANG_WARN__DUPLICATE_METHOD_MATCH = YES;
				COPY_PHASE_STRIP = NO;
				DEBUG_INFORMATION_FORMAT = dwarf;
				ENABLE_STRICT_OBJC_MSGSEND = YES;
				ENABLE_TESTABILITY = YES;
				GCC_C_LANGUAGE_STANDARD = gnu11;
				GCC_DYNAMIC_NO_PIC = NO;
				GCC_NO_COMMON_BLOCKS = YES;
				GCC_OPTIMIZATION_LEVEL = 0;
				GCC_PREPROCESSOR_DEFINITIONS = (
					"DEBUG=1",
					"$(inherited)",
				);
				GCC_WARN_64_TO_32_BIT_CONVERSION = YES;
				GCC_WARN_ABOUT_RETURN_TYPE = YES_ERROR;
				GCC_WARN_UNDECLARED_SELECTOR = YES;
				GCC_WARN_UNINITIALIZED_AUTOS = YES_AGGRESSIVE;
				GCC_WARN_UNUSED_FUNCTION = YES;
				GCC_WARN_UNUSED_VARIABLE = YES;
				IPHONEOS_DEPLOYMENT_TARGET = 14.5;
				MTL_ENABLE_DEBUG_INFO = INCLUDE_SOURCE;
				MTL_FAST_MATH = YES;
				ONLY_ACTIVE_ARCH = YES;
				SDKROOT = iphoneos;
				SWIFT_ACTIVE_COMPILATION_CONDITIONS = DEBUG;
				SWIFT_OPTIMIZATION_LEVEL = "-Onone";
			};
			name = Debug;
		};
		ECC9F1452651CA980048B936 /* Release */ = {
			isa = XCBuildConfiguration;
			buildSettings = {
				ALWAYS_SEARCH_USER_PATHS = NO;
				CLANG_ANALYZER_NONNULL = YES;
				CLANG_ANALYZER_NUMBER_OBJECT_CONVERSION = YES_AGGRESSIVE;
				CLANG_CXX_LANGUAGE_STANDARD = "gnu++14";
				CLANG_CXX_LIBRARY = "libc++";
				CLANG_ENABLE_MODULES = YES;
				CLANG_ENABLE_OBJC_ARC = YES;
				CLANG_ENABLE_OBJC_WEAK = YES;
				CLANG_WARN_BLOCK_CAPTURE_AUTORELEASING = YES;
				CLANG_WARN_BOOL_CONVERSION = YES;
				CLANG_WARN_COMMA = YES;
				CLANG_WARN_CONSTANT_CONVERSION = YES;
				CLANG_WARN_DEPRECATED_OBJC_IMPLEMENTATIONS = YES;
				CLANG_WARN_DIRECT_OBJC_ISA_USAGE = YES_ERROR;
				CLANG_WARN_DOCUMENTATION_COMMENTS = YES;
				CLANG_WARN_EMPTY_BODY = YES;
				CLANG_WARN_ENUM_CONVERSION = YES;
				CLANG_WARN_INFINITE_RECURSION = YES;
				CLANG_WARN_INT_CONVERSION = YES;
				CLANG_WARN_NON_LITERAL_NULL_CONVERSION = YES;
				CLANG_WARN_OBJC_IMPLICIT_RETAIN_SELF = YES;
				CLANG_WARN_OBJC_LITERAL_CONVERSION = YES;
				CLANG_WARN_OBJC_ROOT_CLASS = YES_ERROR;
				CLANG_WARN_QUOTED_INCLUDE_IN_FRAMEWORK_HEADER = YES;
				CLANG_WARN_RANGE_LOOP_ANALYSIS = YES;
				CLANG_WARN_STRICT_PROTOTYPES = YES;
				CLANG_WARN_SUSPICIOUS_MOVE = YES;
				CLANG_WARN_UNGUARDED_AVAILABILITY = YES_AGGRESSIVE;
				CLANG_WARN_UNREACHABLE_CODE = YES;
				CLANG_WARN__DUPLICATE_METHOD_MATCH = YES;
				COPY_PHASE_STRIP = NO;
				DEBUG_INFORMATION_FORMAT = "dwarf-with-dsym";
				ENABLE_NS_ASSERTIONS = NO;
				ENABLE_STRICT_OBJC_MSGSEND = YES;
				GCC_C_LANGUAGE_STANDARD = gnu11;
				GCC_NO_COMMON_BLOCKS = YES;
				GCC_WARN_64_TO_32_BIT_CONVERSION = YES;
				GCC_WARN_ABOUT_RETURN_TYPE = YES_ERROR;
				GCC_WARN_UNDECLARED_SELECTOR = YES;
				GCC_WARN_UNINITIALIZED_AUTOS = YES_AGGRESSIVE;
				GCC_WARN_UNUSED_FUNCTION = YES;
				GCC_WARN_UNUSED_VARIABLE = YES;
				IPHONEOS_DEPLOYMENT_TARGET = 14.5;
				MTL_ENABLE_DEBUG_INFO = NO;
				MTL_FAST_MATH = YES;
				SDKROOT = iphoneos;
				SWIFT_COMPILATION_MODE = wholemodule;
				SWIFT_OPTIMIZATION_LEVEL = "-O";
				VALIDATE_PRODUCT = YES;
			};
			name = Release;
		};
		ECC9F1472651CA980048B936 /* Debug */ = {
			isa = XCBuildConfiguration;
			buildSettings = {
				ASSETCATALOG_COMPILER_APPICON_NAME = AppIcon;
				ASSETCATALOG_COMPILER_GLOBAL_ACCENT_COLOR_NAME = AccentColor;
				CODE_SIGN_STYLE = Automatic;
				DEVELOPMENT_ASSET_PATHS = "\"RecipeListApp/Preview Content\"";
				DEVELOPMENT_TEAM = LGBUTL6TL4;
				ENABLE_PREVIEWS = YES;
				INFOPLIST_FILE = RecipeListApp/Info.plist;
				IPHONEOS_DEPLOYMENT_TARGET = 14.0;
				LD_RUNPATH_SEARCH_PATHS = (
					"$(inherited)",
					"@executable_path/Frameworks",
				);
				PRODUCT_BUNDLE_IDENTIFIER = com.AoyuCodingStudio.RecipeListApp;
				PRODUCT_NAME = "$(TARGET_NAME)";
				SWIFT_VERSION = 5.0;
				TARGETED_DEVICE_FAMILY = "1,2";
			};
			name = Debug;
		};
		ECC9F1482651CA980048B936 /* Release */ = {
			isa = XCBuildConfiguration;
			buildSettings = {
				ASSETCATALOG_COMPILER_APPICON_NAME = AppIcon;
				ASSETCATALOG_COMPILER_GLOBAL_ACCENT_COLOR_NAME = AccentColor;
				CODE_SIGN_STYLE = Automatic;
				DEVELOPMENT_ASSET_PATHS = "\"RecipeListApp/Preview Content\"";
				DEVELOPMENT_TEAM = LGBUTL6TL4;
				ENABLE_PREVIEWS = YES;
				INFOPLIST_FILE = RecipeListApp/Info.plist;
				IPHONEOS_DEPLOYMENT_TARGET = 14.0;
				LD_RUNPATH_SEARCH_PATHS = (
					"$(inherited)",
					"@executable_path/Frameworks",
				);
				PRODUCT_BUNDLE_IDENTIFIER = com.AoyuCodingStudio.RecipeListApp;
				PRODUCT_NAME = "$(TARGET_NAME)";
				SWIFT_VERSION = 5.0;
				TARGETED_DEVICE_FAMILY = "1,2";
			};
			name = Release;
		};
/* End XCBuildConfiguration section */

/* Begin XCConfigurationList section */
		ECC9F1322651CA960048B936 /* Build configuration list for PBXProject "RecipeListApp" */ = {
			isa = XCConfigurationList;
			buildConfigurations = (
				ECC9F1442651CA980048B936 /* Debug */,
				ECC9F1452651CA980048B936 /* Release */,
			);
			defaultConfigurationIsVisible = 0;
			defaultConfigurationName = Release;
		};
		ECC9F1462651CA980048B936 /* Build configuration list for PBXNativeTarget "RecipeListApp" */ = {
			isa = XCConfigurationList;
			buildConfigurations = (
				ECC9F1472651CA980048B936 /* Debug */,
				ECC9F1482651CA980048B936 /* Release */,
			);
			defaultConfigurationIsVisible = 0;
			defaultConfigurationName = Release;
		};
/* End XCConfigurationList section */
	};
	rootObject = ECC9F12F2651CA960048B936 /* Project object */;
}
